
Microsoft Visual Studio Solution File, Format Version 12.00
# 
Project("{2150E333-8FDC-42A3-9474-1A3956D46DE8}") = "src", "src", "{0C9ECAC5-7CC7-428F-BFE0-BF4E40BB6CA9}"
EndProject
Project("{FAE04EC0-301F-11D3-BF4B-00C04F79EFBC}") = "TaskService", "src\TaskService.Api\TaskService.csproj", "{9DAB7C29-B6C0-41CE-AA5B-AFCC69E2F27C}"
EndProject
Project("{FAE04EC0-301F-11D3-BF4B-00C04F79EFBC}") = "TaskService.Domain", "src\TaskService.Domain\TaskService.Domain.csproj", "{0FFD2F12-3FD7-498F-874E-9312D519F083}"
EndProject
Project("{FAE04EC0-301F-11D3-BF4B-00C04F79EFBC}") = "TaskService.Infrastructure", "src\TaskService.Infrastructure\TaskService.Infrastructure.csproj", "{F57510C7-211F-465D-B82E-B4CA395DBE95}"
EndProject
Project("{FAE04EC0-301F-11D3-BF4B-00C04F79EFBC}") = "TaskService.Application", "src\TaskService.Application\TaskService.Application.csproj", "{115E230E-CEDA-4CF3-9C9B-4DD1A70E3D58}"
EndProject
Project("{2150E333-8FDC-42A3-9474-1A3956D46DE8}") = "tests", "tests", "{1CC6431B-642B-4D3C-BB5A-3859754A5933}"
EndProject
Project("{FAE04EC0-301F-11D3-BF4B-00C04F79EFBC}") = "TaskService.UnitTests", "tests\TaskService.UnitTests\TaskService.UnitTests.csproj", "{BE8DDA20-109F-4B6E-8891-7D195CCD5BDD}"
EndProject
Global
	GlobalSection(SolutionConfigurationPlatforms) = preSolution
		Debug|Any CPU = Debug|Any CPU
		Debug|x64 = Debug|x64
		Debug|x86 = Debug|x86
		Release|Any CPU = Release|Any CPU
		Release|x64 = Release|x64
		Release|x86 = Release|x86
	EndGlobalSection
	GlobalSection(ProjectConfigurationPlatforms) = postSolution
		{9DAB7C29-B6C0-41CE-AA5B-AFCC69E2F27C}.Debug|Any CPU.ActiveCfg = Debug|Any CPU
		{9DAB7C29-B6C0-41CE-AA5B-AFCC69E2F27C}.Debug|Any CPU.Build.0 = Debug|Any CPU
		{9DAB7C29-B6C0-41CE-AA5B-AFCC69E2F27C}.Debug|x64.ActiveCfg = Debug|Any CPU
		{9DAB7C29-B6C0-41CE-AA5B-AFCC69E2F27C}.Debug|x64.Build.0 = Debug|Any CPU
		{9DAB7C29-B6C0-41CE-AA5B-AFCC69E2F27C}.Debug|x86.ActiveCfg = Debug|Any CPU
		{9DAB7C29-B6C0-41CE-AA5B-AFCC69E2F27C}.Debug|x86.Build.0 = Debug|Any CPU
		{9DAB7C29-B6C0-41CE-AA5B-AFCC69E2F27C}.Release|Any CPU.ActiveCfg = Release|Any CPU
		{9DAB7C29-B6C0-41CE-AA5B-AFCC69E2F27C}.Release|Any CPU.Build.0 = Release|Any CPU
		{9DAB7C29-B6C0-41CE-AA5B-AFCC69E2F27C}.Release|x64.ActiveCfg = Release|Any CPU
		{9DAB7C29-B6C0-41CE-AA5B-AFCC69E2F27C}.Release|x64.Build.0 = Release|Any CPU
		{9DAB7C29-B6C0-41CE-AA5B-AFCC69E2F27C}.Release|x86.ActiveCfg = Release|Any CPU
		{9DAB7C29-B6C0-41CE-AA5B-AFCC69E2F27C}.Release|x86.Build.0 = Release|Any CPU
		{0FFD2F12-3FD7-498F-874E-9312D519F083}.Debug|Any CPU.ActiveCfg = Debug|Any CPU
		{0FFD2F12-3FD7-498F-874E-9312D519F083}.Debug|Any CPU.Build.0 = Debug|Any CPU
		{0FFD2F12-3FD7-498F-874E-9312D519F083}.Debug|x64.ActiveCfg = Debug|Any CPU
		{0FFD2F12-3FD7-498F-874E-9312D519F083}.Debug|x64.Build.0 = Debug|Any CPU
		{0FFD2F12-3FD7-498F-874E-9312D519F083}.Debug|x86.ActiveCfg = Debug|Any CPU
		{0FFD2F12-3FD7-498F-874E-9312D519F083}.Debug|x86.Build.0 = Debug|Any CPU
		{0FFD2F12-3FD7-498F-874E-9312D519F083}.Release|Any CPU.ActiveCfg = Release|Any CPU
		{0FFD2F12-3FD7-498F-874E-9312D519F083}.Release|Any CPU.Build.0 = Release|Any CPU
		{0FFD2F12-3FD7-498F-874E-9312D519F083}.Release|x64.ActiveCfg = Release|Any CPU
		{0FFD2F12-3FD7-498F-874E-9312D519F083}.Release|x64.Build.0 = Release|Any CPU
		{0FFD2F12-3FD7-498F-874E-9312D519F083}.Release|x86.ActiveCfg = Release|Any CPU
		{0FFD2F12-3FD7-498F-874E-9312D519F083}.Release|x86.Build.0 = Release|Any CPU
		{F57510C7-211F-465D-B82E-B4CA395DBE95}.Debug|Any CPU.ActiveCfg = Debug|Any CPU
		{F57510C7-211F-465D-B82E-B4CA395DBE95}.Debug|Any CPU.Build.0 = Debug|Any CPU
		{F57510C7-211F-465D-B82E-B4CA395DBE95}.Debug|x64.ActiveCfg = Debug|Any CPU
		{F57510C7-211F-465D-B82E-B4CA395DBE95}.Debug|x64.Build.0 = Debug|Any CPU
		{F57510C7-211F-465D-B82E-B4CA395DBE95}.Debug|x86.ActiveCfg = Debug|Any CPU
		{F57510C7-211F-465D-B82E-B4CA395DBE95}.Debug|x86.Build.0 = Debug|Any CPU
		{F57510C7-211F-465D-B82E-B4CA395DBE95}.Release|Any CPU.ActiveCfg = Release|Any CPU
		{F57510C7-211F-465D-B82E-B4CA395DBE95}.Release|Any CPU.Build.0 = Release|Any CPU
		{F57510C7-211F-465D-B82E-B4CA395DBE95}.Release|x64.ActiveCfg = Release|Any CPU
		{F57510C7-211F-465D-B82E-B4CA395DBE95}.Release|x64.Build.0 = Release|Any CPU
		{F57510C7-211F-465D-B82E-B4CA395DBE95}.Release|x86.ActiveCfg = Release|Any CPU
		{F57510C7-211F-465D-B82E-B4CA395DBE95}.Release|x86.Build.0 = Release|Any CPU
		{115E230E-CEDA-4CF3-9C9B-4DD1A70E3D58}.Debug|Any CPU.ActiveCfg = Debug|Any CPU
		{115E230E-CEDA-4CF3-9C9B-4DD1A70E3D58}.Debug|Any CPU.Build.0 = Debug|Any CPU
		{115E230E-CEDA-4CF3-9C9B-4DD1A70E3D58}.Debug|x64.ActiveCfg = Debug|Any CPU
		{115E230E-CEDA-4CF3-9C9B-4DD1A70E3D58}.Debug|x64.Build.0 = Debug|Any CPU
		{115E230E-CEDA-4CF3-9C9B-4DD1A70E3D58}.Debug|x86.ActiveCfg = Debug|Any CPU
		{115E230E-CEDA-4CF3-9C9B-4DD1A70E3D58}.Debug|x86.Build.0 = Debug|Any CPU
		{115E230E-CEDA-4CF3-9C9B-4DD1A70E3D58}.Release|Any CPU.ActiveCfg = Release|Any CPU
		{115E230E-CEDA-4CF3-9C9B-4DD1A70E3D58}.Release|Any CPU.Build.0 = Release|Any CPU
		{115E230E-CEDA-4CF3-9C9B-4DD1A70E3D58}.Release|x64.ActiveCfg = Release|Any CPU
		{115E230E-CEDA-4CF3-9C9B-4DD1A70E3D58}.Release|x64.Build.0 = Release|Any CPU
		{115E230E-CEDA-4CF3-9C9B-4DD1A70E3D58}.Release|x86.ActiveCfg = Release|Any CPU
		{115E230E-CEDA-4CF3-9C9B-4DD1A70E3D58}.Release|x86.Build.0 = Release|Any CPU
		{BE8DDA20-109F-4B6E-8891-7D195CCD5BDD}.Debug|Any CPU.ActiveCfg = Debug|Any CPU
		{BE8DDA20-109F-4B6E-8891-7D195CCD5BDD}.Debug|Any CPU.Build.0 = Debug|Any CPU
		{BE8DDA20-109F-4B6E-8891-7D195CCD5BDD}.Debug|x64.ActiveCfg = Debug|Any CPU
		{BE8DDA20-109F-4B6E-8891-7D195CCD5BDD}.Debug|x64.Build.0 = Debug|Any CPU
		{BE8DDA20-109F-4B6E-8891-7D195CCD5BDD}.Debug|x86.ActiveCfg = Debug|Any CPU
		{BE8DDA20-109F-4B6E-8891-7D195CCD5BDD}.Debug|x86.Build.0 = Debug|Any CPU
		{BE8DDA20-109F-4B6E-8891-7D195CCD5BDD}.Release|Any CPU.ActiveCfg = Release|Any CPU
		{BE8DDA20-109F-4B6E-8891-7D195CCD5BDD}.Release|Any CPU.Build.0 = Release|Any CPU
		{BE8DDA20-109F-4B6E-8891-7D195CCD5BDD}.Release|x64.ActiveCfg = Release|Any CPU
		{BE8DDA20-109F-4B6E-8891-7D195CCD5BDD}.Release|x64.Build.0 = Release|Any CPU
		{BE8DDA20-109F-4B6E-8891-7D195CCD5BDD}.Release|x86.ActiveCfg = Release|Any CPU
		{BE8DDA20-109F-4B6E-8891-7D195CCD5BDD}.Release|x86.Build.0 = Release|Any CPU
	EndGlobalSection
	GlobalSection(NestedProjects) = preSolution
		{9DAB7C29-B6C0-41CE-AA5B-AFCC69E2F27C} = {0C9ECAC5-7CC7-428F-BFE0-BF4E40BB6CA9}
		{0FFD2F12-3FD7-498F-874E-9312D519F083} = {0C9ECAC5-7CC7-428F-BFE0-BF4E40BB6CA9}
		{F57510C7-211F-465D-B82E-B4CA395DBE95} = {0C9ECAC5-7CC7-428F-BFE0-BF4E40BB6CA9}
		{115E230E-CEDA-4CF3-9C9B-4DD1A70E3D58} = {0C9ECAC5-7CC7-428F-BFE0-BF4E40BB6CA9}
		{BE8DDA20-109F-4B6E-8891-7D195CCD5BDD} = {1CC6431B-642B-4D3C-BB5A-3859754A5933}
	EndGlobalSection
EndGlobal
